
Microsoft Visual Studio Solution File, Format Version 12.00
# Visual Studio Version 17
VisualStudioVersion = 17.0.31912.275
MinimumVisualStudioVersion = 10.0.40219.1
Project("{9A19103F-16F7-4668-BE54-9A1E7A4F7556}") = "DataCollector", "DataCollector\DataCollector.csproj", "{BE8C78AA-F7D9-4329-984C-B314AD7CE487}"
EndProject
Project("{9A19103F-16F7-4668-BE54-9A1E7A4F7556}") = "Trader(NotImplemented)", "Trader\Trader(NotImplemented).csproj", "{A98E504C-044A-43C7-A26F-0ADB4E494047}"
EndProject
Project("{9A19103F-16F7-4668-BE54-9A1E7A4F7556}") = "DataCollector.Tests", "Tests\DataCollector.Tests\DataCollector.Tests.csproj", "{E4CC741D-4379-4412-AC2A-BDA0F77B1FBC}"
EndProject
Project("{9A19103F-16F7-4668-BE54-9A1E7A4F7556}") = "MarketDataModules", "TradeDataModules\MarketDataModules\MarketDataModules.csproj", "{4EF351DA-85BA-4646-ADFF-98290EDB2F28}"
EndProject
Project("{9A19103F-16F7-4668-BE54-9A1E7A4F7556}") = "FinamClient", "FinamClient\FinamClient.csproj", "{7038D1BC-4CC5-4CF0-B56E-5EC924DC5D17}"
EndProject
Global
	GlobalSection(SolutionConfigurationPlatforms) = preSolution
		Debug|Any CPU = Debug|Any CPU
		Release|Any CPU = Release|Any CPU
	EndGlobalSection
	GlobalSection(ProjectConfigurationPlatforms) = postSolution
		{BE8C78AA-F7D9-4329-984C-B314AD7CE487}.Debug|Any CPU.ActiveCfg = Debug|Any CPU
		{BE8C78AA-F7D9-4329-984C-B314AD7CE487}.Debug|Any CPU.Build.0 = Debug|Any CPU
		{BE8C78AA-F7D9-4329-984C-B314AD7CE487}.Release|Any CPU.ActiveCfg = Release|Any CPU
		{BE8C78AA-F7D9-4329-984C-B314AD7CE487}.Release|Any CPU.Build.0 = Release|Any CPU
		{A98E504C-044A-43C7-A26F-0ADB4E494047}.Debug|Any CPU.ActiveCfg = Debug|Any CPU
		{A98E504C-044A-43C7-A26F-0ADB4E494047}.Debug|Any CPU.Build.0 = Debug|Any CPU
		{A98E504C-044A-43C7-A26F-0ADB4E494047}.Release|Any CPU.ActiveCfg = Release|Any CPU
		{A98E504C-044A-43C7-A26F-0ADB4E494047}.Release|Any CPU.Build.0 = Release|Any CPU
		{E4CC741D-4379-4412-AC2A-BDA0F77B1FBC}.Debug|Any CPU.ActiveCfg = Debug|Any CPU
		{E4CC741D-4379-4412-AC2A-BDA0F77B1FBC}.Debug|Any CPU.Build.0 = Debug|Any CPU
		{E4CC741D-4379-4412-AC2A-BDA0F77B1FBC}.Release|Any CPU.ActiveCfg = Release|Any CPU
		{E4CC741D-4379-4412-AC2A-BDA0F77B1FBC}.Release|Any CPU.Build.0 = Release|Any CPU
		{4EF351DA-85BA-4646-ADFF-98290EDB2F28}.Debug|Any CPU.ActiveCfg = Debug|Any CPU
		{4EF351DA-85BA-4646-ADFF-98290EDB2F28}.Debug|Any CPU.Build.0 = Debug|Any CPU
		{4EF351DA-85BA-4646-ADFF-98290EDB2F28}.Release|Any CPU.ActiveCfg = Release|Any CPU
		{4EF351DA-85BA-4646-ADFF-98290EDB2F28}.Release|Any CPU.Build.0 = Release|Any CPU
		{7038D1BC-4CC5-4CF0-B56E-5EC924DC5D17}.Debug|Any CPU.ActiveCfg = Debug|Any CPU
		{7038D1BC-4CC5-4CF0-B56E-5EC924DC5D17}.Debug|Any CPU.Build.0 = Debug|Any CPU
		{7038D1BC-4CC5-4CF0-B56E-5EC924DC5D17}.Release|Any CPU.ActiveCfg = Release|Any CPU
		{7038D1BC-4CC5-4CF0-B56E-5EC924DC5D17}.Release|Any CPU.Build.0 = Release|Any CPU
	EndGlobalSection
	GlobalSection(SolutionProperties) = preSolution
		HideSolutionNode = FALSE
	EndGlobalSection
	GlobalSection(ExtensibilityGlobals) = postSolution
		SolutionGuid = {680FF20C-9A2A-4473-9843-12EE75F0567C}
	EndGlobalSection
EndGlobal
