
Microsoft Visual Studio Solution File, Format Version 12.00
# Visual Studio Version 17
VisualStudioVersion = 17.0.31912.275
MinimumVisualStudioVersion = 10.0.40219.1
Project("{9A19103F-16F7-4668-BE54-9A1E7A4F7556}") = "DataCollector", "DataCollector\DataCollector.csproj", "{9324CAEC-9CF6-4493-BBDE-3B16E00623A3}"
EndProject
Project("{9A19103F-16F7-4668-BE54-9A1E7A4F7556}") = "MarketDataModules", "MarketDataModules\MarketDataModules.csproj", "{A8A1104E-A305-4E64-A58C-174D05795496}"
EndProject
Project("{2150E333-8FDC-42A3-9474-1A3956D46DE8}") = "Indicators", "Indicators", "{0CD04B2A-FD2A-4C22-AB05-965B3126CCB9}"
EndProject
Project("{9A19103F-16F7-4668-BE54-9A1E7A4F7556}") = "Indicators", "Stock.Indicators\src\Indicators.csproj", "{0A5DB4A6-0AED-459E-883B-F83607FC8A5A}"
EndProject
Project("{9A19103F-16F7-4668-BE54-9A1E7A4F7556}") = "Trader", "Trader\Trader.csproj", "{E6CEB48E-27B6-46C9-A3A9-CF3724E33F7B}"
EndProject
Project("{2150E333-8FDC-42A3-9474-1A3956D46DE8}") = "Tests", "Tests", "{068C72ED-567E-4FD3-8CB7-D7E63AEEF0C1}"
EndProject
Project("{9A19103F-16F7-4668-BE54-9A1E7A4F7556}") = "Analysis.Test", "Analysis.Test\Analysis.Test.csproj", "{68428993-3897-4110-BED2-596118187F17}"
EndProject
Project("{9A19103F-16F7-4668-BE54-9A1E7A4F7556}") = "Analysis", "TradeAnalysis\Analysis\Analysis.csproj", "{342B8EEA-C32E-4251-B63D-1CBC8CC8E9AE}"
EndProject
Project("{2150E333-8FDC-42A3-9474-1A3956D46DE8}") = "TradeAnalysis", "TradeAnalysis", "{84A47E3E-EE85-4A93-A00F-11F4FF43364D}"
EndProject
Project("{2150E333-8FDC-42A3-9474-1A3956D46DE8}") = "Tests", "Tests", "{9AD6D73E-52C5-4783-B96A-AE257CF47DC5}"
EndProject
Project("{9A19103F-16F7-4668-BE54-9A1E7A4F7556}") = "DataCollector.Tests", "Tests\DataCollector.Tests\DataCollector.Tests.csproj", "{C6248795-B129-4A53-B1B6-0B9CB4FED7B8}"
EndProject
Global
	GlobalSection(SolutionConfigurationPlatforms) = preSolution
		Debug|Any CPU = Debug|Any CPU
		Release|Any CPU = Release|Any CPU
	EndGlobalSection
	GlobalSection(ProjectConfigurationPlatforms) = postSolution
		{9324CAEC-9CF6-4493-BBDE-3B16E00623A3}.Debug|Any CPU.ActiveCfg = Debug|Any CPU
		{9324CAEC-9CF6-4493-BBDE-3B16E00623A3}.Debug|Any CPU.Build.0 = Debug|Any CPU
		{9324CAEC-9CF6-4493-BBDE-3B16E00623A3}.Release|Any CPU.ActiveCfg = Release|Any CPU
		{9324CAEC-9CF6-4493-BBDE-3B16E00623A3}.Release|Any CPU.Build.0 = Release|Any CPU
		{A8A1104E-A305-4E64-A58C-174D05795496}.Debug|Any CPU.ActiveCfg = Debug|Any CPU
		{A8A1104E-A305-4E64-A58C-174D05795496}.Debug|Any CPU.Build.0 = Debug|Any CPU
		{A8A1104E-A305-4E64-A58C-174D05795496}.Release|Any CPU.ActiveCfg = Release|Any CPU
		{A8A1104E-A305-4E64-A58C-174D05795496}.Release|Any CPU.Build.0 = Release|Any CPU
		{0A5DB4A6-0AED-459E-883B-F83607FC8A5A}.Debug|Any CPU.ActiveCfg = Debug|Any CPU
		{0A5DB4A6-0AED-459E-883B-F83607FC8A5A}.Debug|Any CPU.Build.0 = Debug|Any CPU
		{0A5DB4A6-0AED-459E-883B-F83607FC8A5A}.Release|Any CPU.ActiveCfg = Release|Any CPU
		{0A5DB4A6-0AED-459E-883B-F83607FC8A5A}.Release|Any CPU.Build.0 = Release|Any CPU
		{E6CEB48E-27B6-46C9-A3A9-CF3724E33F7B}.Debug|Any CPU.ActiveCfg = Debug|Any CPU
		{E6CEB48E-27B6-46C9-A3A9-CF3724E33F7B}.Debug|Any CPU.Build.0 = Debug|Any CPU
		{E6CEB48E-27B6-46C9-A3A9-CF3724E33F7B}.Release|Any CPU.ActiveCfg = Release|Any CPU
		{E6CEB48E-27B6-46C9-A3A9-CF3724E33F7B}.Release|Any CPU.Build.0 = Release|Any CPU
		{68428993-3897-4110-BED2-596118187F17}.Debug|Any CPU.ActiveCfg = Debug|Any CPU
		{68428993-3897-4110-BED2-596118187F17}.Debug|Any CPU.Build.0 = Debug|Any CPU
		{68428993-3897-4110-BED2-596118187F17}.Release|Any CPU.ActiveCfg = Release|Any CPU
		{68428993-3897-4110-BED2-596118187F17}.Release|Any CPU.Build.0 = Release|Any CPU
		{342B8EEA-C32E-4251-B63D-1CBC8CC8E9AE}.Debug|Any CPU.ActiveCfg = Debug|Any CPU
		{342B8EEA-C32E-4251-B63D-1CBC8CC8E9AE}.Debug|Any CPU.Build.0 = Debug|Any CPU
		{342B8EEA-C32E-4251-B63D-1CBC8CC8E9AE}.Release|Any CPU.ActiveCfg = Release|Any CPU
		{342B8EEA-C32E-4251-B63D-1CBC8CC8E9AE}.Release|Any CPU.Build.0 = Release|Any CPU
		{C6248795-B129-4A53-B1B6-0B9CB4FED7B8}.Debug|Any CPU.ActiveCfg = Debug|Any CPU
		{C6248795-B129-4A53-B1B6-0B9CB4FED7B8}.Debug|Any CPU.Build.0 = Debug|Any CPU
		{C6248795-B129-4A53-B1B6-0B9CB4FED7B8}.Release|Any CPU.ActiveCfg = Release|Any CPU
		{C6248795-B129-4A53-B1B6-0B9CB4FED7B8}.Release|Any CPU.Build.0 = Release|Any CPU
	EndGlobalSection
	GlobalSection(SolutionProperties) = preSolution
		HideSolutionNode = FALSE
	EndGlobalSection
	GlobalSection(NestedProjects) = preSolution
		{0A5DB4A6-0AED-459E-883B-F83607FC8A5A} = {0CD04B2A-FD2A-4C22-AB05-965B3126CCB9}
		{68428993-3897-4110-BED2-596118187F17} = {9AD6D73E-52C5-4783-B96A-AE257CF47DC5}
		{342B8EEA-C32E-4251-B63D-1CBC8CC8E9AE} = {84A47E3E-EE85-4A93-A00F-11F4FF43364D}
		{9AD6D73E-52C5-4783-B96A-AE257CF47DC5} = {84A47E3E-EE85-4A93-A00F-11F4FF43364D}
		{C6248795-B129-4A53-B1B6-0B9CB4FED7B8} = {068C72ED-567E-4FD3-8CB7-D7E63AEEF0C1}
	EndGlobalSection
	GlobalSection(ExtensibilityGlobals) = postSolution
		SolutionGuid = {680FF20C-9A2A-4473-9843-12EE75F0567C}
	EndGlobalSection
EndGlobal
