
Microsoft Visual Studio Solution File, Format Version 12.00
# Visual Studio Version 17
VisualStudioVersion = 17.0.31912.275
MinimumVisualStudioVersion = 10.0.40219.1
Project("{2150E333-8FDC-42A3-9474-1A3956D46DE8}") = "Indicators", "Indicators", "{0CD04B2A-FD2A-4C22-AB05-965B3126CCB9}"
EndProject
Project("{2150E333-8FDC-42A3-9474-1A3956D46DE8}") = "Tests", "Tests", "{068C72ED-567E-4FD3-8CB7-D7E63AEEF0C1}"
EndProject
Project("{9A19103F-16F7-4668-BE54-9A1E7A4F7556}") = "Analysis", "TradeAnalysis\Analysis\Analysis.csproj", "{342B8EEA-C32E-4251-B63D-1CBC8CC8E9AE}"
EndProject
Project("{2150E333-8FDC-42A3-9474-1A3956D46DE8}") = "TradeAnalysis", "TradeAnalysis", "{84A47E3E-EE85-4A93-A00F-11F4FF43364D}"
EndProject
Project("{2150E333-8FDC-42A3-9474-1A3956D46DE8}") = "Tests", "Tests", "{9AD6D73E-52C5-4783-B96A-AE257CF47DC5}"
EndProject
Project("{9A19103F-16F7-4668-BE54-9A1E7A4F7556}") = "Indicators", "Indicators\Stock.Indicators\src\Indicators.csproj", "{D2D9131B-9B6B-4B3E-93FE-DE84E0B5AA28}"
EndProject
Project("{9A19103F-16F7-4668-BE54-9A1E7A4F7556}") = "Analysis.Test", "TradeAnalysis\Tests\Analysis.Test\Analysis.Test.csproj", "{380E320A-8F17-42A9-95DF-FA688422E66F}"
EndProject
Project("{2150E333-8FDC-42A3-9474-1A3956D46DE8}") = "TradeSDK", "TradeSDK", "{B01EB54A-1AA1-4CBC-9B3E-1677C45D5205}"
EndProject
Project("{9A19103F-16F7-4668-BE54-9A1E7A4F7556}") = "DataCollector.Tests", "TradeSDK\Tests\DataCollector.Tests\DataCollector.Tests.csproj", "{333386C8-1643-4632-B1A9-9073CACFE570}"
EndProject
Project("{9A19103F-16F7-4668-BE54-9A1E7A4F7556}") = "DataCollector", "TradeSDK\DataCollector\DataCollector.csproj", "{F0106A53-36B5-46D6-BCF8-9E67FA00CE20}"
EndProject
Project("{9A19103F-16F7-4668-BE54-9A1E7A4F7556}") = "MarketDataModules", "TradeSDK\MarketDataModules\MarketDataModules.csproj", "{BCCCFCCA-CEFE-4A66-985F-9372B2B568CE}"
EndProject
Project("{9A19103F-16F7-4668-BE54-9A1E7A4F7556}") = "Trader", "TradeSDK\Trader\Trader.csproj", "{EFCF05E7-3735-4230-A2D2-C1B85206D320}"
EndProject
Global
	GlobalSection(SolutionConfigurationPlatforms) = preSolution
		Debug|Any CPU = Debug|Any CPU
		Release|Any CPU = Release|Any CPU
	EndGlobalSection
	GlobalSection(ProjectConfigurationPlatforms) = postSolution
		{342B8EEA-C32E-4251-B63D-1CBC8CC8E9AE}.Debug|Any CPU.ActiveCfg = Debug|Any CPU
		{342B8EEA-C32E-4251-B63D-1CBC8CC8E9AE}.Debug|Any CPU.Build.0 = Debug|Any CPU
		{342B8EEA-C32E-4251-B63D-1CBC8CC8E9AE}.Release|Any CPU.ActiveCfg = Release|Any CPU
		{342B8EEA-C32E-4251-B63D-1CBC8CC8E9AE}.Release|Any CPU.Build.0 = Release|Any CPU
		{D2D9131B-9B6B-4B3E-93FE-DE84E0B5AA28}.Debug|Any CPU.ActiveCfg = Debug|Any CPU
		{D2D9131B-9B6B-4B3E-93FE-DE84E0B5AA28}.Debug|Any CPU.Build.0 = Debug|Any CPU
		{D2D9131B-9B6B-4B3E-93FE-DE84E0B5AA28}.Release|Any CPU.ActiveCfg = Release|Any CPU
		{D2D9131B-9B6B-4B3E-93FE-DE84E0B5AA28}.Release|Any CPU.Build.0 = Release|Any CPU
		{380E320A-8F17-42A9-95DF-FA688422E66F}.Debug|Any CPU.ActiveCfg = Debug|Any CPU
		{380E320A-8F17-42A9-95DF-FA688422E66F}.Debug|Any CPU.Build.0 = Debug|Any CPU
		{380E320A-8F17-42A9-95DF-FA688422E66F}.Release|Any CPU.ActiveCfg = Release|Any CPU
		{380E320A-8F17-42A9-95DF-FA688422E66F}.Release|Any CPU.Build.0 = Release|Any CPU
		{333386C8-1643-4632-B1A9-9073CACFE570}.Debug|Any CPU.ActiveCfg = Debug|Any CPU
		{333386C8-1643-4632-B1A9-9073CACFE570}.Debug|Any CPU.Build.0 = Debug|Any CPU
		{333386C8-1643-4632-B1A9-9073CACFE570}.Release|Any CPU.ActiveCfg = Release|Any CPU
		{333386C8-1643-4632-B1A9-9073CACFE570}.Release|Any CPU.Build.0 = Release|Any CPU
		{F0106A53-36B5-46D6-BCF8-9E67FA00CE20}.Debug|Any CPU.ActiveCfg = Debug|Any CPU
		{F0106A53-36B5-46D6-BCF8-9E67FA00CE20}.Debug|Any CPU.Build.0 = Debug|Any CPU
		{F0106A53-36B5-46D6-BCF8-9E67FA00CE20}.Release|Any CPU.ActiveCfg = Release|Any CPU
		{F0106A53-36B5-46D6-BCF8-9E67FA00CE20}.Release|Any CPU.Build.0 = Release|Any CPU
		{BCCCFCCA-CEFE-4A66-985F-9372B2B568CE}.Debug|Any CPU.ActiveCfg = Debug|Any CPU
		{BCCCFCCA-CEFE-4A66-985F-9372B2B568CE}.Debug|Any CPU.Build.0 = Debug|Any CPU
		{BCCCFCCA-CEFE-4A66-985F-9372B2B568CE}.Release|Any CPU.ActiveCfg = Release|Any CPU
		{BCCCFCCA-CEFE-4A66-985F-9372B2B568CE}.Release|Any CPU.Build.0 = Release|Any CPU
		{EFCF05E7-3735-4230-A2D2-C1B85206D320}.Debug|Any CPU.ActiveCfg = Debug|Any CPU
		{EFCF05E7-3735-4230-A2D2-C1B85206D320}.Debug|Any CPU.Build.0 = Debug|Any CPU
		{EFCF05E7-3735-4230-A2D2-C1B85206D320}.Release|Any CPU.ActiveCfg = Release|Any CPU
		{EFCF05E7-3735-4230-A2D2-C1B85206D320}.Release|Any CPU.Build.0 = Release|Any CPU
	EndGlobalSection
	GlobalSection(SolutionProperties) = preSolution
		HideSolutionNode = FALSE
	EndGlobalSection
	GlobalSection(NestedProjects) = preSolution
		{068C72ED-567E-4FD3-8CB7-D7E63AEEF0C1} = {B01EB54A-1AA1-4CBC-9B3E-1677C45D5205}
		{342B8EEA-C32E-4251-B63D-1CBC8CC8E9AE} = {84A47E3E-EE85-4A93-A00F-11F4FF43364D}
		{9AD6D73E-52C5-4783-B96A-AE257CF47DC5} = {84A47E3E-EE85-4A93-A00F-11F4FF43364D}
		{D2D9131B-9B6B-4B3E-93FE-DE84E0B5AA28} = {0CD04B2A-FD2A-4C22-AB05-965B3126CCB9}
		{380E320A-8F17-42A9-95DF-FA688422E66F} = {9AD6D73E-52C5-4783-B96A-AE257CF47DC5}
		{333386C8-1643-4632-B1A9-9073CACFE570} = {068C72ED-567E-4FD3-8CB7-D7E63AEEF0C1}
		{F0106A53-36B5-46D6-BCF8-9E67FA00CE20} = {B01EB54A-1AA1-4CBC-9B3E-1677C45D5205}
		{BCCCFCCA-CEFE-4A66-985F-9372B2B568CE} = {B01EB54A-1AA1-4CBC-9B3E-1677C45D5205}
		{EFCF05E7-3735-4230-A2D2-C1B85206D320} = {B01EB54A-1AA1-4CBC-9B3E-1677C45D5205}
	EndGlobalSection
	GlobalSection(ExtensibilityGlobals) = postSolution
		SolutionGuid = {680FF20C-9A2A-4473-9843-12EE75F0567C}
	EndGlobalSection
EndGlobal
